<?xml version="1.0" encoding="utf-8"?>
<Project ToolsVersion="4.0" xmlns="http://schemas.microsoft.com/developer/msbuild/2003">
  <ItemGroup>
    <Filter Include="Исходные файлы">
      <UniqueIdentifier>{4FC737F1-C7A5-4376-A066-2A32D752A2FF}</UniqueIdentifier>
      <Extensions>cpp;c;cc;cxx;c++;cppm;ixx;def;odl;idl;hpj;bat;asm;asmx</Extensions>
    </Filter>
    <Filter Include="Файлы заголовков">
      <UniqueIdentifier>{93995380-89BD-4b04-88EB-625FBE52EBFB}</UniqueIdentifier>
      <Extensions>h;hh;hpp;hxx;h++;hm;inl;inc;ipp;xsd</Extensions>
    </Filter>
    <Filter Include="Файлы ресурсов">
      <UniqueIdentifier>{67DA6AB6-F800-4c08-8B7A-83BB121AAD01}</UniqueIdentifier>
      <Extensions>rc;ico;cur;bmp;dlg;rc2;rct;bin;rgs;gif;jpg;jpeg;jpe;resx;tiff;tif;png;wav;mfcribbon-ms</Extensions>
    </Filter>
    <Filter Include="Исходные файлы\RacingLib">
      <UniqueIdentifier>{ec3ab973-9336-4022-8abd-e308317ecf74}</UniqueIdentifier>
    </Filter>
    <Filter Include="Файлы заголовков\RacingLib">
      <UniqueIdentifier>{f532d327-4d68-4e7e-91c2-f7e7e52d4ccb}</UniqueIdentifier>
    </Filter>
  </ItemGroup>
  <ItemGroup>
    <ClCompile Include="..\..\..\Source\RacingLib\GameManager.cpp">
      <Filter>Исходные файлы\RacingLib</Filter>
    </ClCompile>
  </ItemGroup>
  <ItemGroup>
    <ClInclude Include="..\..\..\Source\RacingLib\Transports.h">
      <Filter>Файлы заголовков\RacingLib</Filter>
    </ClInclude>
    <ClInclude Include="..\..\..\Source\RacingLib\RaceTypes.h">
      <Filter>Файлы заголовков\RacingLib</Filter>
    </ClInclude>
    <ClInclude Include="..\..\..\Source\RacingLib\GameManager.h">
      <Filter>Файлы заголовков\RacingLib</Filter>
    </ClInclude>
    <ClInclude Include="RacingLibStatic.h">
      <Filter>Файлы заголовков\RacingLib</Filter>
    </ClInclude>
  </ItemGroup>
</Project>